
Microsoft Visual Studio Solution File, Format Version 12.00
# Visual Studio Version 17
VisualStudioVersion = 17.7.34024.191
MinimumVisualStudioVersion = 10.0.40219.1
Project("{FAE04EC0-301F-11D3-BF4B-00C04F79EFBC}") = "ProyectoSO1", "ProyectoSO1\ProyectoSO1.csproj", "{BFAAC992-A3F0-49A2-AFCC-86444BB733DA}"
EndProject
Global
	GlobalSection(SolutionConfigurationPlatforms) = preSolution
		Debug|Any CPU = Debug|Any CPU
		Release|Any CPU = Release|Any CPU
	EndGlobalSection
	GlobalSection(ProjectConfigurationPlatforms) = postSolution
		{BFAAC992-A3F0-49A2-AFCC-86444BB733DA}.Debug|Any CPU.ActiveCfg = Debug|Any CPU
		{BFAAC992-A3F0-49A2-AFCC-86444BB733DA}.Debug|Any CPU.Build.0 = Debug|Any CPU
		{BFAAC992-A3F0-49A2-AFCC-86444BB733DA}.Release|Any CPU.ActiveCfg = Release|Any CPU
		{BFAAC992-A3F0-49A2-AFCC-86444BB733DA}.Release|Any CPU.Build.0 = Release|Any CPU
	EndGlobalSection
	GlobalSection(SolutionProperties) = preSolution
		HideSolutionNode = FALSE
	EndGlobalSection
	GlobalSection(ExtensibilityGlobals) = postSolution
		SolutionGuid = {0190DC61-5CA5-4BD7-BB35-1EDDE6567F93}
	EndGlobalSection
EndGlobal
